
Microsoft Visual Studio Solution File, Format Version 12.00
# Visual Studio Version 17
VisualStudioVersion = 17.5.2.0
MinimumVisualStudioVersion = 10.0.40219.1
Project("{2150E333-8FDC-42A3-9474-1A3956D46DE8}") = "CodePlatform", "CodePlatform", "{CD8B8558-5799-3A7E-24ED-A01CA8ED3F5A}"
EndProject
Project("{2150E333-8FDC-42A3-9474-1A3956D46DE8}") = "apps", "apps", "{4E070F2F-C60B-E759-95D8-3538B56D22FE}"
EndProject
Project("{2150E333-8FDC-42A3-9474-1A3956D46DE8}") = "api", "api", "{89C4018A-6986-3AB7-363B-CEC4CBA6358D}"
EndProject
Project("{FAE04EC0-301F-11D3-BF4B-00C04F79EFBC}") = "CodeQuest.Api", "CodePlatform\apps\api\CodeQuest.Api.csproj", "{16CA04F0-C3F8-F20B-7DF7-57E5E1C08C9E}"
EndProject
Project("{2150E333-8FDC-42A3-9474-1A3956D46DE8}") = "tests", "tests", "{83C4D05A-E77F-8A24-E020-27CD5CA6336C}"
EndProject
Project("{FAE04EC0-301F-11D3-BF4B-00C04F79EFBC}") = "CodeQuest.Api.Tests", "CodePlatform\apps\tests\CodeQuest.Api.Tests.csproj", "{116EE98B-46A4-4C0A-947F-593C0019677F}"
EndProject
Global
	GlobalSection(SolutionConfigurationPlatforms) = preSolution
		Debug|Any CPU = Debug|Any CPU
		Debug|x64 = Debug|x64
		Debug|x86 = Debug|x86
		Release|Any CPU = Release|Any CPU
		Release|x64 = Release|x64
		Release|x86 = Release|x86
	EndGlobalSection
	GlobalSection(ProjectConfigurationPlatforms) = postSolution
		{16CA04F0-C3F8-F20B-7DF7-57E5E1C08C9E}.Debug|Any CPU.ActiveCfg = Debug|Any CPU
		{16CA04F0-C3F8-F20B-7DF7-57E5E1C08C9E}.Debug|Any CPU.Build.0 = Debug|Any CPU
		{16CA04F0-C3F8-F20B-7DF7-57E5E1C08C9E}.Debug|x64.ActiveCfg = Debug|Any CPU
		{16CA04F0-C3F8-F20B-7DF7-57E5E1C08C9E}.Debug|x64.Build.0 = Debug|Any CPU
		{16CA04F0-C3F8-F20B-7DF7-57E5E1C08C9E}.Debug|x86.ActiveCfg = Debug|Any CPU
		{16CA04F0-C3F8-F20B-7DF7-57E5E1C08C9E}.Debug|x86.Build.0 = Debug|Any CPU
		{16CA04F0-C3F8-F20B-7DF7-57E5E1C08C9E}.Release|Any CPU.ActiveCfg = Release|Any CPU
		{16CA04F0-C3F8-F20B-7DF7-57E5E1C08C9E}.Release|Any CPU.Build.0 = Release|Any CPU
		{16CA04F0-C3F8-F20B-7DF7-57E5E1C08C9E}.Release|x64.ActiveCfg = Release|Any CPU
		{16CA04F0-C3F8-F20B-7DF7-57E5E1C08C9E}.Release|x64.Build.0 = Release|Any CPU
		{16CA04F0-C3F8-F20B-7DF7-57E5E1C08C9E}.Release|x86.ActiveCfg = Release|Any CPU
		{16CA04F0-C3F8-F20B-7DF7-57E5E1C08C9E}.Release|x86.Build.0 = Release|Any CPU
		{116EE98B-46A4-4C0A-947F-593C0019677F}.Debug|Any CPU.ActiveCfg = Debug|Any CPU
		{116EE98B-46A4-4C0A-947F-593C0019677F}.Debug|Any CPU.Build.0 = Debug|Any CPU
		{116EE98B-46A4-4C0A-947F-593C0019677F}.Debug|x64.ActiveCfg = Debug|Any CPU
		{116EE98B-46A4-4C0A-947F-593C0019677F}.Debug|x64.Build.0 = Debug|Any CPU
		{116EE98B-46A4-4C0A-947F-593C0019677F}.Debug|x86.ActiveCfg = Debug|Any CPU
		{116EE98B-46A4-4C0A-947F-593C0019677F}.Debug|x86.Build.0 = Debug|Any CPU
		{116EE98B-46A4-4C0A-947F-593C0019677F}.Release|Any CPU.ActiveCfg = Release|Any CPU
		{116EE98B-46A4-4C0A-947F-593C0019677F}.Release|Any CPU.Build.0 = Release|Any CPU
		{116EE98B-46A4-4C0A-947F-593C0019677F}.Release|x64.ActiveCfg = Release|Any CPU
		{116EE98B-46A4-4C0A-947F-593C0019677F}.Release|x64.Build.0 = Release|Any CPU
		{116EE98B-46A4-4C0A-947F-593C0019677F}.Release|x86.ActiveCfg = Release|Any CPU
		{116EE98B-46A4-4C0A-947F-593C0019677F}.Release|x86.Build.0 = Release|Any CPU
	EndGlobalSection
	GlobalSection(SolutionProperties) = preSolution
		HideSolutionNode = FALSE
	EndGlobalSection
	GlobalSection(NestedProjects) = preSolution
		{4E070F2F-C60B-E759-95D8-3538B56D22FE} = {CD8B8558-5799-3A7E-24ED-A01CA8ED3F5A}
		{89C4018A-6986-3AB7-363B-CEC4CBA6358D} = {4E070F2F-C60B-E759-95D8-3538B56D22FE}
		{16CA04F0-C3F8-F20B-7DF7-57E5E1C08C9E} = {89C4018A-6986-3AB7-363B-CEC4CBA6358D}
		{83C4D05A-E77F-8A24-E020-27CD5CA6336C} = {4E070F2F-C60B-E759-95D8-3538B56D22FE}
		{116EE98B-46A4-4C0A-947F-593C0019677F} = {83C4D05A-E77F-8A24-E020-27CD5CA6336C}
	EndGlobalSection
	GlobalSection(ExtensibilityGlobals) = postSolution
		SolutionGuid = {3FAABF9D-6E1D-48AF-BAE8-43B907EDE0D3}
	EndGlobalSection
EndGlobal
